// !$*UTF8*$!
{
	archiveVersion = 1;
	classes = {
	};
	objectVersion = 46;
	objects = {

/* Begin PBXBuildFile section */
		7420F0551F5E34CA005C89B8 /* PlaySoundsViewController.swift in Sources */ = {isa = PBXBuildFile; fileRef = 7420F0541F5E34CA005C89B8 /* PlaySoundsViewController.swift */; };
		7479BD671F5BE62700D1B8C4 /* AppDelegate.swift in Sources */ = {isa = PBXBuildFile; fileRef = 7479BD661F5BE62700D1B8C4 /* AppDelegate.swift */; };
		7479BD691F5BE62700D1B8C4 /* RecordSoundsViewController.swift in Sources */ = {isa = PBXBuildFile; fileRef = 7479BD681F5BE62700D1B8C4 /* RecordSoundsViewController.swift */; };
		7479BD6C1F5BE62700D1B8C4 /* Main.storyboard in Resources */ = {isa = PBXBuildFile; fileRef = 7479BD6A1F5BE62700D1B8C4 /* Main.storyboard */; };
		7479BD6E1F5BE62700D1B8C4 /* Assets.xcassets in Resources */ = {isa = PBXBuildFile; fileRef = 7479BD6D1F5BE62700D1B8C4 /* Assets.xcassets */; };
		7479BD711F5BE62700D1B8C4 /* LaunchScreen.storyboard in Resources */ = {isa = PBXBuildFile; fileRef = 7479BD6F1F5BE62700D1B8C4 /* LaunchScreen.storyboard */; };
		749446AE1F63AB20002616D6 /* PlaySoundsViewController+Audio.swift in Sources */ = {isa = PBXBuildFile; fileRef = 749446AD1F63AB20002616D6 /* PlaySoundsViewController+Audio.swift */; };
/* End PBXBuildFile section */

/* Begin PBXFileReference section */
		7420F0541F5E34CA005C89B8 /* PlaySoundsViewController.swift */ = {isa = PBXFileReference; fileEncoding = 4; lastKnownFileType = sourcecode.swift; path = PlaySoundsViewController.swift; sourceTree = "<group>"; };
		7479BD631F5BE62700D1B8C4 /* PitchPerfect.app */ = {isa = PBXFileReference; explicitFileType = wrapper.application; includeInIndex = 0; path = PitchPerfect.app; sourceTree = BUILT_PRODUCTS_DIR; };
		7479BD661F5BE62700D1B8C4 /* AppDelegate.swift */ = {isa = PBXFileReference; lastKnownFileType = sourcecode.swift; path = AppDelegate.swift; sourceTree = "<group>"; };
		7479BD681F5BE62700D1B8C4 /* RecordSoundsViewController.swift */ = {isa = PBXFileReference; lastKnownFileType = sourcecode.swift; path = RecordSoundsViewController.swift; sourceTree = "<group>"; };
		7479BD6B1F5BE62700D1B8C4 /* Base */ = {isa = PBXFileReference; lastKnownFileType = file.storyboard; name = Base; path = Base.lproj/Main.storyboard; sourceTree = "<group>"; };
		7479BD6D1F5BE62700D1B8C4 /* Assets.xcassets */ = {isa = PBXFileReference; lastKnownFileType = folder.assetcatalog; path = Assets.xcassets; sourceTree = "<group>"; };
		7479BD701F5BE62700D1B8C4 /* Base */ = {isa = PBXFileReference; lastKnownFileType = file.storyboard; name = Base; path = Base.lproj/LaunchScreen.storyboard; sourceTree = "<group>"; };
		7479BD721F5BE62700D1B8C4 /* Info.plist */ = {isa = PBXFileReference; lastKnownFileType = text.plist.xml; path = Info.plist; sourceTree = "<group>"; };
		749446AD1F63AB20002616D6 /* PlaySoundsViewController+Audio.swift */ = {isa = PBXFileReference; fileEncoding = 4; lastKnownFileType = sourcecode.swift; path = "PlaySoundsViewController+Audio.swift"; sourceTree = "<group>"; };
/* End PBXFileReference section */

/* Begin PBXFrameworksBuildPhase section */
		7479BD601F5BE62700D1B8C4 /* Frameworks */ = {
			isa = PBXFrameworksBuildPhase;
			buildActionMask = 2147483647;
			files = (
			);
			runOnlyForDeploymentPostprocessing = 0;
		};
/* End PBXFrameworksBuildPhase section */

/* Begin PBXGroup section */
		7479BD5A1F5BE62700D1B8C4 = {
			isa = PBXGroup;
			children = (
				7479BD651F5BE62700D1B8C4 /* PitchPerfect */,
				7479BD641F5BE62700D1B8C4 /* Products */,
			);
			sourceTree = "<group>";
		};
		7479BD641F5BE62700D1B8C4 /* Products */ = {
			isa = PBXGroup;
			children = (
				7479BD631F5BE62700D1B8C4 /* PitchPerfect.app */,
			);
			name = Products;
			sourceTree = "<group>";
		};
		7479BD651F5BE62700D1B8C4 /* PitchPerfect */ = {
			isa = PBXGroup;
			children = (
				7479BD661F5BE62700D1B8C4 /* AppDelegate.swift */,
				7479BD681F5BE62700D1B8C4 /* RecordSoundsViewController.swift */,
				7420F0541F5E34CA005C89B8 /* PlaySoundsViewController.swift */,
				7479BD6A1F5BE62700D1B8C4 /* Main.storyboard */,
				7479BD6D1F5BE62700D1B8C4 /* Assets.xcassets */,
				7479BD6F1F5BE62700D1B8C4 /* LaunchScreen.storyboard */,
				7479BD721F5BE62700D1B8C4 /* Info.plist */,
				749446AD1F63AB20002616D6 /* PlaySoundsViewController+Audio.swift */,
			);
			path = PitchPerfect;
			sourceTree = "<group>";
		};
/* End PBXGroup section */

/* Begin PBXNativeTarget section */
		7479BD621F5BE62700D1B8C4 /* PitchPerfect */ = {
			isa = PBXNativeTarget;
			buildConfigurationList = 7479BD751F5BE62700D1B8C4 /* Build configuration list for PBXNativeTarget "PitchPerfect" */;
			buildPhases = (
				7479BD5F1F5BE62700D1B8C4 /* Sources */,
				7479BD601F5BE62700D1B8C4 /* Frameworks */,
				7479BD611F5BE62700D1B8C4 /* Resources */,
			);
			buildRules = (
			);
			dependencies = (
			);
			name = PitchPerfect;
			productName = PitchPerfect;
			productReference = 7479BD631F5BE62700D1B8C4 /* PitchPerfect.app */;
			productType = "com.apple.product-type.application";
		};
/* End PBXNativeTarget section */

/* Begin PBXProject section */
		7479BD5B1F5BE62700D1B8C4 /* Project object */ = {
			isa = PBXProject;
			attributes = {
				LastSwiftUpdateCheck = 0830;
				LastUpgradeCheck = 0830;
				ORGANIZATIONNAME = TNTStudios;
				TargetAttributes = {
					7479BD621F5BE62700D1B8C4 = {
						CreatedOnToolsVersion = 8.3.3;
						DevelopmentTeam = MG2UCY5382;
						ProvisioningStyle = Automatic;
					};
				};
			};
			buildConfigurationList = 7479BD5E1F5BE62700D1B8C4 /* Build configuration list for PBXProject "PitchPerfect" */;
			compatibilityVersion = "Xcode 3.2";
			developmentRegion = English;
			hasScannedForEncodings = 0;
			knownRegions = (
				en,
				Base,
			);
			mainGroup = 7479BD5A1F5BE62700D1B8C4;
			productRefGroup = 7479BD641F5BE62700D1B8C4 /* Products */;
			projectDirPath = "";
			projectRoot = "";
			targets = (
				7479BD621F5BE62700D1B8C4 /* PitchPerfect */,
			);
		};
/* End PBXProject section */

/* Begin PBXResourcesBuildPhase section */
		7479BD611F5BE62700D1B8C4 /* Resources */ = {
			isa = PBXResourcesBuildPhase;
			buildActionMask = 2147483647;
			files = (
				7479BD711F5BE62700D1B8C4 /* LaunchScreen.storyboard in Resources */,
				7479BD6E1F5BE62700D1B8C4 /* Assets.xcassets in Resources */,
				7479BD6C1F5BE62700D1B8C4 /* Main.storyboard in Resources */,
			);
			runOnlyForDeploymentPostprocessing = 0;
		};
/* End PBXResourcesBuildPhase section */

/* Begin PBXSourcesBuildPhase section */
		7479BD5F1F5BE62700D1B8C4 /* Sources */ = {
			isa = PBXSourcesBuildPhase;
			buildActionMask = 2147483647;
			files = (
				7479BD691F5BE62700D1B8C4 /* RecordSoundsViewController.swift in Sources */,
				749446AE1F63AB20002616D6 /* PlaySoundsViewController+Audio.swift in Sources */,
				7420F0551F5E34CA005C89B8 /* PlaySoundsViewController.swift in Sources */,
				7479BD671F5BE62700D1B8C4 /* AppDelegate.swift in Sources */,
			);
			runOnlyForDeploymentPostprocessing = 0;
		};
/* End PBXSourcesBuildPhase section */

/* Begin PBXVariantGroup section */
		7479BD6A1F5BE62700D1B8C4 /* Main.storyboard */ = {
			isa = PBXVariantGroup;
			children = (
				7479BD6B1F5BE62700D1B8C4 /* Base */,
			);
			name = Main.storyboard;
			sourceTree = "<group>";
		};
		7479BD6F1F5BE62700D1B8C4 /* LaunchScreen.storyboard */ = {
			isa = PBXVariantGroup;
			children = (
				7479BD701F5BE62700D1B8C4 /* Base */,
			);
			name = LaunchScreen.storyboard;
			sourceTree = "<group>";
		};
/* End PBXVariantGroup section */

/* Begin XCBuildConfiguration section */
		7479BD731F5BE62700D1B8C4 /* Debug */ = {
			isa = XCBuildConfiguration;
			buildSettings = {
				ALWAYS_SEARCH_USER_PATHS = NO;
				CLANG_ANALYZER_NONNULL = YES;
				CLANG_ANALYZER_NUMBER_OBJECT_CONVERSION = YES_AGGRESSIVE;
				CLANG_CXX_LANGUAGE_STANDARD = "gnu++0x";
				CLANG_CXX_LIBRARY = "libc++";
				CLANG_ENABLE_MODULES = YES;
				CLANG_ENABLE_OBJC_ARC = YES;
				CLANG_WARN_BOOL_CONVERSION = YES;
				CLANG_WARN_CONSTANT_CONVERSION = YES;
				CLANG_WARN_DIRECT_OBJC_ISA_USAGE = YES_ERROR;
				CLANG_WARN_DOCUMENTATION_COMMENTS = YES;
				CLANG_WARN_EMPTY_BODY = YES;
				CLANG_WARN_ENUM_CONVERSION = YES;
				CLANG_WARN_INFINITE_RECURSION = YES;
				CLANG_WARN_INT_CONVERSION = YES;
				CLANG_WARN_OBJC_ROOT_CLASS = YES_ERROR;
				CLANG_WARN_SUSPICIOUS_MOVE = YES;
				CLANG_WARN_UNREACHABLE_CODE = YES;
				CLANG_WARN__DUPLICATE_METHOD_MATCH = YES;
				"CODE_SIGN_IDENTITY[sdk=iphoneos*]" = "iPhone Developer";
				COPY_PHASE_STRIP = NO;
				DEBUG_INFORMATION_FORMAT = dwarf;
				ENABLE_STRICT_OBJC_MSGSEND = YES;
				ENABLE_TESTABILITY = YES;
				GCC_C_LANGUAGE_STANDARD = gnu99;
				GCC_DYNAMIC_NO_PIC = NO;
				GCC_NO_COMMON_BLOCKS = YES;
				GCC_OPTIMIZATION_LEVEL = 0;
				GCC_PREPROCESSOR_DEFINITIONS = (
					"DEBUG=1",
					"$(inherited)",
				);
				GCC_WARN_64_TO_32_BIT_CONVERSION = YES;
				GCC_WARN_ABOUT_RETURN_TYPE = YES_ERROR;
				GCC_WARN_UNDECLARED_SELECTOR = YES;
				GCC_WARN_UNINITIALIZED_AUTOS = YES_AGGRESSIVE;
				GCC_WARN_UNUSED_FUNCTION = YES;
				GCC_WARN_UNUSED_VARIABLE = YES;
				IPHONEOS_DEPLOYMENT_TARGET = 10.3;
				MTL_ENABLE_DEBUG_INFO = YES;
				ONLY_ACTIVE_ARCH = YES;
				SDKROOT = iphoneos;
				SWIFT_ACTIVE_COMPILATION_CONDITIONS = DEBUG;
				SWIFT_OPTIMIZATION_LEVEL = "-Onone";
				TARGETED_DEVICE_FAMILY = "1,2";
			};
			name = Debug;
		};
		7479BD741F5BE62700D1B8C4 /* Release */ = {
			isa = XCBuildConfiguration;
			buildSettings = {
				ALWAYS_SEARCH_USER_PATHS = NO;
				CLANG_ANALYZER_NONNULL = YES;
				CLANG_ANALYZER_NUMBER_OBJECT_CONVERSION = YES_AGGRESSIVE;
				CLANG_CXX_LANGUAGE_STANDARD = "gnu++0x";
				CLANG_CXX_LIBRARY = "libc++";
				CLANG_ENABLE_MODULES = YES;
				CLANG_ENABLE_OBJC_ARC = YES;
				CLANG_WARN_BOOL_CONVERSION = YES;
				CLANG_WARN_CONSTANT_CONVERSION = YES;
				CLANG_WARN_DIRECT_OBJC_ISA_USAGE = YES_ERROR;
				CLANG_WARN_DOCUMENTATION_COMMENTS = YES;
				CLANG_WARN_EMPTY_BODY = YES;
				CLANG_WARN_ENUM_CONVERSION = YES;
				CLANG_WARN_INFINITE_RECURSION = YES;
				CLANG_WARN_INT_CONVERSION = YES;
				CLANG_WARN_OBJC_ROOT_CLASS = YES_ERROR;
				CLANG_WARN_SUSPICIOUS_MOVE = YES;
				CLANG_WARN_UNREACHABLE_CODE = YES;
				CLANG_WARN__DUPLICATE_METHOD_MATCH = YES;
				"CODE_SIGN_IDENTITY[sdk=iphoneos*]" = "iPhone Developer";
				COPY_PHASE_STRIP = NO;
				DEBUG_INFORMATION_FORMAT = "dwarf-with-dsym";
				ENABLE_NS_ASSERTIONS = NO;
				ENABLE_STRICT_OBJC_MSGSEND = YES;
				GCC_C_LANGUAGE_STANDARD = gnu99;
				GCC_NO_COMMON_BLOCKS = YES;
				GCC_WARN_64_TO_32_BIT_CONVERSION = YES;
				GCC_WARN_ABOUT_RETURN_TYPE = YES_ERROR;
				GCC_WARN_UNDECLARED_SELECTOR = YES;
				GCC_WARN_UNINITIALIZED_AUTOS = YES_AGGRESSIVE;
				GCC_WARN_UNUSED_FUNCTION = YES;
				GCC_WARN_UNUSED_VARIABLE = YES;
				IPHONEOS_DEPLOYMENT_TARGET = 10.3;
				MTL_ENABLE_DEBUG_INFO = NO;
				SDKROOT = iphoneos;
				SWIFT_OPTIMIZATION_LEVEL = "-Owholemodule";
				TARGETED_DEVICE_FAMILY = "1,2";
				VALIDATE_PRODUCT = YES;
			};
			name = Release;
		};
		7479BD761F5BE62700D1B8C4 /* Debug */ = {
			isa = XCBuildConfiguration;
			buildSettings = {
				ASSETCATALOG_COMPILER_APPICON_NAME = AppIcon;
				DEVELOPMENT_TEAM = MG2UCY5382;
				INFOPLIST_FILE = PitchPerfect/Info.plist;
				LD_RUNPATH_SEARCH_PATHS = "$(inherited) @executable_path/Frameworks";
				PRODUCT_BUNDLE_IDENTIFIER = br.com.tntstudios.PitchPerfect;
				PRODUCT_NAME = "$(TARGET_NAME)";
				SWIFT_VERSION = 3.0;
			};
			name = Debug;
		};
		7479BD771F5BE62700D1B8C4 /* Release */ = {
			isa = XCBuildConfiguration;
			buildSettings = {
				ASSETCATALOG_COMPILER_APPICON_NAME = AppIcon;
				DEVELOPMENT_TEAM = MG2UCY5382;
				INFOPLIST_FILE = PitchPerfect/Info.plist;
				LD_RUNPATH_SEARCH_PATHS = "$(inherited) @executable_path/Frameworks";
				PRODUCT_BUNDLE_IDENTIFIER = br.com.tntstudios.PitchPerfect;
				PRODUCT_NAME = "$(TARGET_NAME)";
				SWIFT_VERSION = 3.0;
			};
			name = Release;
		};
/* End XCBuildConfiguration section */

/* Begin XCConfigurationList section */
		7479BD5E1F5BE62700D1B8C4 /* Build configuration list for PBXProject "PitchPerfect" */ = {
			isa = XCConfigurationList;
			buildConfigurations = (
				7479BD731F5BE62700D1B8C4 /* Debug */,
				7479BD741F5BE62700D1B8C4 /* Release */,
			);
			defaultConfigurationIsVisible = 0;
			defaultConfigurationName = Release;
		};
		7479BD751F5BE62700D1B8C4 /* Build configuration list for PBXNativeTarget "PitchPerfect" */ = {
			isa = XCConfigurationList;
			buildConfigurations = (
				7479BD761F5BE62700D1B8C4 /* Debug */,
				7479BD771F5BE62700D1B8C4 /* Release */,
			);
			defaultConfigurationIsVisible = 0;
			defaultConfigurationName = Release;
		};
/* End XCConfigurationList section */
	};
	rootObject = 7479BD5B1F5BE62700D1B8C4 /* Project object */;
}
